
Microsoft Visual Studio Solution File, Format Version 12.00
# Visual Studio Version 16
VisualStudioVersion = 16.0.34729.46
MinimumVisualStudioVersion = 10.0.40219.1
Project("{FAE04EC0-301F-11D3-BF4B-00C04F79EFBC}") = "CatAsService", "CatAsService\CatAsService.csproj", "{676AD385-50DE-452C-A882-F26A4C09A9E5}"
EndProject
Global
	GlobalSection(SolutionConfigurationPlatforms) = preSolution
		Debug|Any CPU = Debug|Any CPU
		Release|Any CPU = Release|Any CPU
	EndGlobalSection
	GlobalSection(ProjectConfigurationPlatforms) = postSolution
		{676AD385-50DE-452C-A882-F26A4C09A9E5}.Debug|Any CPU.ActiveCfg = Debug|Any CPU
		{676AD385-50DE-452C-A882-F26A4C09A9E5}.Debug|Any CPU.Build.0 = Debug|Any CPU
		{676AD385-50DE-452C-A882-F26A4C09A9E5}.Release|Any CPU.ActiveCfg = Release|Any CPU
		{676AD385-50DE-452C-A882-F26A4C09A9E5}.Release|Any CPU.Build.0 = Release|Any CPU
	EndGlobalSection
	GlobalSection(SolutionProperties) = preSolution
		HideSolutionNode = FALSE
	EndGlobalSection
	GlobalSection(ExtensibilityGlobals) = postSolution
		SolutionGuid = {294F3BE2-11B3-43EF-8DF6-AACDFEFD7884}
	EndGlobalSection
EndGlobal
